// !$*UTF8*$!
{
	archiveVersion = 1;
	classes = {
	};
	objectVersion = 56;
	objects = {

/* Begin PBXBuildFile section */
		B1EFAF522B923A2400A40330 /* InstaCloneApp.swift in Sources */ = {isa = PBXBuildFile; fileRef = B1EFAF512B923A2400A40330 /* InstaCloneApp.swift */; };
		B1EFAF542B923A2400A40330 /* ContentView.swift in Sources */ = {isa = PBXBuildFile; fileRef = B1EFAF532B923A2400A40330 /* ContentView.swift */; };
		B1EFAF562B923A2600A40330 /* Assets.xcassets in Resources */ = {isa = PBXBuildFile; fileRef = B1EFAF552B923A2600A40330 /* Assets.xcassets */; };
		B1EFAF592B923A2600A40330 /* Preview Assets.xcassets in Resources */ = {isa = PBXBuildFile; fileRef = B1EFAF582B923A2600A40330 /* Preview Assets.xcassets */; };
		B1EFAF6C2B92485300A40330 /* MainTabView.swift in Sources */ = {isa = PBXBuildFile; fileRef = B1EFAF6B2B92485300A40330 /* MainTabView.swift */; };
		B1EFAF702B92492600A40330 /* ProfileView.swift in Sources */ = {isa = PBXBuildFile; fileRef = B1EFAF6F2B92492600A40330 /* ProfileView.swift */; };
		B1EFAF732B92516600A40330 /* UserStatView.swift in Sources */ = {isa = PBXBuildFile; fileRef = B1EFAF722B92516600A40330 /* UserStatView.swift */; };
		B1EFAF772B9258E300A40330 /* FeedView.swift in Sources */ = {isa = PBXBuildFile; fileRef = B1EFAF762B9258E300A40330 /* FeedView.swift */; };
		B1EFAF7B2B9258FD00A40330 /* FeedCell.swift in Sources */ = {isa = PBXBuildFile; fileRef = B1EFAF7A2B9258FD00A40330 /* FeedCell.swift */; };
		B1EFAF7F2B92635C00A40330 /* SearchView.swift in Sources */ = {isa = PBXBuildFile; fileRef = B1EFAF7E2B92635C00A40330 /* SearchView.swift */; };
		B1EFAF832B92650D00A40330 /* LoginView.swift in Sources */ = {isa = PBXBuildFile; fileRef = B1EFAF822B92650D00A40330 /* LoginView.swift */; };
		B1EFAF852B9269C800A40330 /* AddEmailView.swift in Sources */ = {isa = PBXBuildFile; fileRef = B1EFAF842B9269C800A40330 /* AddEmailView.swift */; };
		B1EFAF872B926BE000A40330 /* IGTextFieldModifier.swift in Sources */ = {isa = PBXBuildFile; fileRef = B1EFAF862B926BE000A40330 /* IGTextFieldModifier.swift */; };
		B1EFAF892B926C7A00A40330 /* CreateUsernameView.swift in Sources */ = {isa = PBXBuildFile; fileRef = B1EFAF882B926C7A00A40330 /* CreateUsernameView.swift */; };
		B1EFAF8B2B926D9F00A40330 /* CreatePasswordView.swift in Sources */ = {isa = PBXBuildFile; fileRef = B1EFAF8A2B926D9F00A40330 /* CreatePasswordView.swift */; };
		B1EFAF8D2B926E4900A40330 /* CompleteSignupView.swift in Sources */ = {isa = PBXBuildFile; fileRef = B1EFAF8C2B926E4900A40330 /* CompleteSignupView.swift */; };
		B1EFAF8F2B926F5C00A40330 /* User.swift in Sources */ = {isa = PBXBuildFile; fileRef = B1EFAF8E2B926F5C00A40330 /* User.swift */; };
		B1EFAF912B9272C500A40330 /* CurrentUserProfileView.swift in Sources */ = {isa = PBXBuildFile; fileRef = B1EFAF902B9272C500A40330 /* CurrentUserProfileView.swift */; };
		B1EFAF932B9274DA00A40330 /* Post.swift in Sources */ = {isa = PBXBuildFile; fileRef = B1EFAF922B9274DA00A40330 /* Post.swift */; };
		B1EFAF952B9278A800A40330 /* PostGridView.swift in Sources */ = {isa = PBXBuildFile; fileRef = B1EFAF942B9278A800A40330 /* PostGridView.swift */; };
		B1EFAF972B927A3300A40330 /* ProfileHeaderView.swift in Sources */ = {isa = PBXBuildFile; fileRef = B1EFAF962B927A3300A40330 /* ProfileHeaderView.swift */; };
		B1EFAF9A2B92814C00A40330 /* UploadPostView.swift in Sources */ = {isa = PBXBuildFile; fileRef = B1EFAF992B92814C00A40330 /* UploadPostView.swift */; };
		B1EFAF9D2B92847400A40330 /* UploadPostViewModel.swift in Sources */ = {isa = PBXBuildFile; fileRef = B1EFAF9C2B92847400A40330 /* UploadPostViewModel.swift */; };
		B1EFAFA02B92889100A40330 /* FirebaseAuth in Frameworks */ = {isa = PBXBuildFile; productRef = B1EFAF9F2B92889100A40330 /* FirebaseAuth */; };
		B1EFAFA22B92889100A40330 /* FirebaseDatabase in Frameworks */ = {isa = PBXBuildFile; productRef = B1EFAFA12B92889100A40330 /* FirebaseDatabase */; };
		B1EFAFA42B92889100A40330 /* FirebaseDatabaseSwift in Frameworks */ = {isa = PBXBuildFile; productRef = B1EFAFA32B92889100A40330 /* FirebaseDatabaseSwift */; };
		B1EFAFA62B92889100A40330 /* FirebaseFirestore in Frameworks */ = {isa = PBXBuildFile; productRef = B1EFAFA52B92889100A40330 /* FirebaseFirestore */; };
		B1EFAFA82B92889100A40330 /* FirebaseFirestoreSwift in Frameworks */ = {isa = PBXBuildFile; productRef = B1EFAFA72B92889100A40330 /* FirebaseFirestoreSwift */; };
		B1EFAFAA2B92889100A40330 /* FirebaseStorage in Frameworks */ = {isa = PBXBuildFile; productRef = B1EFAFA92B92889100A40330 /* FirebaseStorage */; };
		B1EFAFAC2B9288BA00A40330 /* GoogleService-Info.plist in Resources */ = {isa = PBXBuildFile; fileRef = B1EFAFAB2B9288BA00A40330 /* GoogleService-Info.plist */; };
		B1EFAFAF2B928A2800A40330 /* AuthService.swift in Sources */ = {isa = PBXBuildFile; fileRef = B1EFAFAE2B928A2800A40330 /* AuthService.swift */; };
		B1EFAFB32B928B4600A40330 /* ContentViewModel.swift in Sources */ = {isa = PBXBuildFile; fileRef = B1EFAFB22B928B4600A40330 /* ContentViewModel.swift */; };
		B1EFAFB52B928CBE00A40330 /* RegistrationViewModel.swift in Sources */ = {isa = PBXBuildFile; fileRef = B1EFAFB42B928CBE00A40330 /* RegistrationViewModel.swift */; };
		B1EFAFB72B9291A400A40330 /* LoginViewModel.swift in Sources */ = {isa = PBXBuildFile; fileRef = B1EFAFB62B9291A400A40330 /* LoginViewModel.swift */; };
		B1EFAFB92B92995300A40330 /* UserService.swift in Sources */ = {isa = PBXBuildFile; fileRef = B1EFAFB82B92995300A40330 /* UserService.swift */; };
		B1EFAFBB2B9299BD00A40330 /* SearchViewModel.swift in Sources */ = {isa = PBXBuildFile; fileRef = B1EFAFBA2B9299BD00A40330 /* SearchViewModel.swift */; };
		B1EFAFBD2B93AEFC00A40330 /* EditProfileView.swift in Sources */ = {isa = PBXBuildFile; fileRef = B1EFAFBC2B93AEFC00A40330 /* EditProfileView.swift */; };
		B1EFAFC12B93B12D00A40330 /* EditProfileRowView.swift in Sources */ = {isa = PBXBuildFile; fileRef = B1EFAFC02B93B12D00A40330 /* EditProfileRowView.swift */; };
		B1EFAFC32B93B38100A40330 /* EditProfileViewModel.swift in Sources */ = {isa = PBXBuildFile; fileRef = B1EFAFC22B93B38100A40330 /* EditProfileViewModel.swift */; };
		B1EFAFC52B93B91300A40330 /* ImageUploader.swift in Sources */ = {isa = PBXBuildFile; fileRef = B1EFAFC42B93B91300A40330 /* ImageUploader.swift */; };
		B1EFAFC82B93BC3500A40330 /* Kingfisher in Frameworks */ = {isa = PBXBuildFile; productRef = B1EFAFC72B93BC3500A40330 /* Kingfisher */; };
		B1EFAFCA2B93BC9F00A40330 /* CircularProfileImageView.swift in Sources */ = {isa = PBXBuildFile; fileRef = B1EFAFC92B93BC9F00A40330 /* CircularProfileImageView.swift */; };
		B1EFAFCE2B93CA0800A40330 /* FeedViewModel.swift in Sources */ = {isa = PBXBuildFile; fileRef = B1EFAFCD2B93CA0800A40330 /* FeedViewModel.swift */; };
		B1EFAFD02B93CDFD00A40330 /* PostService.swift in Sources */ = {isa = PBXBuildFile; fileRef = B1EFAFCF2B93CDFD00A40330 /* PostService.swift */; };
		B1EFAFD42B93CF7F00A40330 /* PostGridViewModel.swift in Sources */ = {isa = PBXBuildFile; fileRef = B1EFAFD32B93CF7F00A40330 /* PostGridViewModel.swift */; };
		B1EFAFD62B93D2D800A40330 /* FeedCellViewModel.swift in Sources */ = {isa = PBXBuildFile; fileRef = B1EFAFD52B93D2D800A40330 /* FeedCellViewModel.swift */; };
/* End PBXBuildFile section */

/* Begin PBXFileReference section */
		B1EFAF4E2B923A2400A40330 /* InstaClone.app */ = {isa = PBXFileReference; explicitFileType = wrapper.application; includeInIndex = 0; path = InstaClone.app; sourceTree = BUILT_PRODUCTS_DIR; };
		B1EFAF512B923A2400A40330 /* InstaCloneApp.swift */ = {isa = PBXFileReference; lastKnownFileType = sourcecode.swift; path = InstaCloneApp.swift; sourceTree = "<group>"; };
		B1EFAF532B923A2400A40330 /* ContentView.swift */ = {isa = PBXFileReference; lastKnownFileType = sourcecode.swift; path = ContentView.swift; sourceTree = "<group>"; };
		B1EFAF552B923A2600A40330 /* Assets.xcassets */ = {isa = PBXFileReference; lastKnownFileType = folder.assetcatalog; path = Assets.xcassets; sourceTree = "<group>"; };
		B1EFAF582B923A2600A40330 /* Preview Assets.xcassets */ = {isa = PBXFileReference; lastKnownFileType = folder.assetcatalog; path = "Preview Assets.xcassets"; sourceTree = "<group>"; };
		B1EFAF6B2B92485300A40330 /* MainTabView.swift */ = {isa = PBXFileReference; lastKnownFileType = sourcecode.swift; path = MainTabView.swift; sourceTree = "<group>"; };
		B1EFAF6F2B92492600A40330 /* ProfileView.swift */ = {isa = PBXFileReference; lastKnownFileType = sourcecode.swift; path = ProfileView.swift; sourceTree = "<group>"; };
		B1EFAF722B92516600A40330 /* UserStatView.swift */ = {isa = PBXFileReference; lastKnownFileType = sourcecode.swift; path = UserStatView.swift; sourceTree = "<group>"; };
		B1EFAF762B9258E300A40330 /* FeedView.swift */ = {isa = PBXFileReference; lastKnownFileType = sourcecode.swift; path = FeedView.swift; sourceTree = "<group>"; };
		B1EFAF7A2B9258FD00A40330 /* FeedCell.swift */ = {isa = PBXFileReference; lastKnownFileType = sourcecode.swift; path = FeedCell.swift; sourceTree = "<group>"; };
		B1EFAF7E2B92635C00A40330 /* SearchView.swift */ = {isa = PBXFileReference; lastKnownFileType = sourcecode.swift; path = SearchView.swift; sourceTree = "<group>"; };
		B1EFAF822B92650D00A40330 /* LoginView.swift */ = {isa = PBXFileReference; lastKnownFileType = sourcecode.swift; path = LoginView.swift; sourceTree = "<group>"; };
		B1EFAF842B9269C800A40330 /* AddEmailView.swift */ = {isa = PBXFileReference; lastKnownFileType = sourcecode.swift; path = AddEmailView.swift; sourceTree = "<group>"; };
		B1EFAF862B926BE000A40330 /* IGTextFieldModifier.swift */ = {isa = PBXFileReference; lastKnownFileType = sourcecode.swift; path = IGTextFieldModifier.swift; sourceTree = "<group>"; };
		B1EFAF882B926C7A00A40330 /* CreateUsernameView.swift */ = {isa = PBXFileReference; lastKnownFileType = sourcecode.swift; path = CreateUsernameView.swift; sourceTree = "<group>"; };
		B1EFAF8A2B926D9F00A40330 /* CreatePasswordView.swift */ = {isa = PBXFileReference; lastKnownFileType = sourcecode.swift; path = CreatePasswordView.swift; sourceTree = "<group>"; };
		B1EFAF8C2B926E4900A40330 /* CompleteSignupView.swift */ = {isa = PBXFileReference; lastKnownFileType = sourcecode.swift; path = CompleteSignupView.swift; sourceTree = "<group>"; };
		B1EFAF8E2B926F5C00A40330 /* User.swift */ = {isa = PBXFileReference; lastKnownFileType = sourcecode.swift; path = User.swift; sourceTree = "<group>"; };
		B1EFAF902B9272C500A40330 /* CurrentUserProfileView.swift */ = {isa = PBXFileReference; lastKnownFileType = sourcecode.swift; path = CurrentUserProfileView.swift; sourceTree = "<group>"; };
		B1EFAF922B9274DA00A40330 /* Post.swift */ = {isa = PBXFileReference; lastKnownFileType = sourcecode.swift; path = Post.swift; sourceTree = "<group>"; };
		B1EFAF942B9278A800A40330 /* PostGridView.swift */ = {isa = PBXFileReference; lastKnownFileType = sourcecode.swift; path = PostGridView.swift; sourceTree = "<group>"; };
		B1EFAF962B927A3300A40330 /* ProfileHeaderView.swift */ = {isa = PBXFileReference; lastKnownFileType = sourcecode.swift; path = ProfileHeaderView.swift; sourceTree = "<group>"; };
		B1EFAF992B92814C00A40330 /* UploadPostView.swift */ = {isa = PBXFileReference; lastKnownFileType = sourcecode.swift; path = UploadPostView.swift; sourceTree = "<group>"; };
		B1EFAF9C2B92847400A40330 /* UploadPostViewModel.swift */ = {isa = PBXFileReference; lastKnownFileType = sourcecode.swift; path = UploadPostViewModel.swift; sourceTree = "<group>"; };
		B1EFAFAB2B9288BA00A40330 /* GoogleService-Info.plist */ = {isa = PBXFileReference; fileEncoding = 4; lastKnownFileType = text.plist.xml; path = "GoogleService-Info.plist"; sourceTree = "<group>"; };
		B1EFAFAE2B928A2800A40330 /* AuthService.swift */ = {isa = PBXFileReference; lastKnownFileType = sourcecode.swift; path = AuthService.swift; sourceTree = "<group>"; };
		B1EFAFB22B928B4600A40330 /* ContentViewModel.swift */ = {isa = PBXFileReference; lastKnownFileType = sourcecode.swift; path = ContentViewModel.swift; sourceTree = "<group>"; };
		B1EFAFB42B928CBE00A40330 /* RegistrationViewModel.swift */ = {isa = PBXFileReference; lastKnownFileType = sourcecode.swift; path = RegistrationViewModel.swift; sourceTree = "<group>"; };
		B1EFAFB62B9291A400A40330 /* LoginViewModel.swift */ = {isa = PBXFileReference; lastKnownFileType = sourcecode.swift; path = LoginViewModel.swift; sourceTree = "<group>"; };
		B1EFAFB82B92995300A40330 /* UserService.swift */ = {isa = PBXFileReference; lastKnownFileType = sourcecode.swift; path = UserService.swift; sourceTree = "<group>"; };
		B1EFAFBA2B9299BD00A40330 /* SearchViewModel.swift */ = {isa = PBXFileReference; lastKnownFileType = sourcecode.swift; path = SearchViewModel.swift; sourceTree = "<group>"; };
		B1EFAFBC2B93AEFC00A40330 /* EditProfileView.swift */ = {isa = PBXFileReference; lastKnownFileType = sourcecode.swift; path = EditProfileView.swift; sourceTree = "<group>"; };
		B1EFAFC02B93B12D00A40330 /* EditProfileRowView.swift */ = {isa = PBXFileReference; lastKnownFileType = sourcecode.swift; path = EditProfileRowView.swift; sourceTree = "<group>"; };
		B1EFAFC22B93B38100A40330 /* EditProfileViewModel.swift */ = {isa = PBXFileReference; lastKnownFileType = sourcecode.swift; path = EditProfileViewModel.swift; sourceTree = "<group>"; };
		B1EFAFC42B93B91300A40330 /* ImageUploader.swift */ = {isa = PBXFileReference; lastKnownFileType = sourcecode.swift; path = ImageUploader.swift; sourceTree = "<group>"; };
		B1EFAFC92B93BC9F00A40330 /* CircularProfileImageView.swift */ = {isa = PBXFileReference; lastKnownFileType = sourcecode.swift; path = CircularProfileImageView.swift; sourceTree = "<group>"; };
		B1EFAFCD2B93CA0800A40330 /* FeedViewModel.swift */ = {isa = PBXFileReference; lastKnownFileType = sourcecode.swift; path = FeedViewModel.swift; sourceTree = "<group>"; };
		B1EFAFCF2B93CDFD00A40330 /* PostService.swift */ = {isa = PBXFileReference; lastKnownFileType = sourcecode.swift; path = PostService.swift; sourceTree = "<group>"; };
		B1EFAFD32B93CF7F00A40330 /* PostGridViewModel.swift */ = {isa = PBXFileReference; lastKnownFileType = sourcecode.swift; path = PostGridViewModel.swift; sourceTree = "<group>"; };
		B1EFAFD52B93D2D800A40330 /* FeedCellViewModel.swift */ = {isa = PBXFileReference; lastKnownFileType = sourcecode.swift; path = FeedCellViewModel.swift; sourceTree = "<group>"; };
/* End PBXFileReference section */

/* Begin PBXFrameworksBuildPhase section */
		B1EFAF4B2B923A2400A40330 /* Frameworks */ = {
			isa = PBXFrameworksBuildPhase;
			buildActionMask = 2147483647;
			files = (
				B1EFAFA82B92889100A40330 /* FirebaseFirestoreSwift in Frameworks */,
				B1EFAFA42B92889100A40330 /* FirebaseDatabaseSwift in Frameworks */,
				B1EFAFC82B93BC3500A40330 /* Kingfisher in Frameworks */,
				B1EFAFA62B92889100A40330 /* FirebaseFirestore in Frameworks */,
				B1EFAFA22B92889100A40330 /* FirebaseDatabase in Frameworks */,
				B1EFAFA02B92889100A40330 /* FirebaseAuth in Frameworks */,
				B1EFAFAA2B92889100A40330 /* FirebaseStorage in Frameworks */,
			);
			runOnlyForDeploymentPostprocessing = 0;
		};
/* End PBXFrameworksBuildPhase section */

/* Begin PBXGroup section */
		B1EFAF452B923A2400A40330 = {
			isa = PBXGroup;
			children = (
				B1EFAFC22B93B38100A40330 /* EditProfileViewModel.swift */,
				B1EFAF502B923A2400A40330 /* InstaClone */,
				B1EFAF4F2B923A2400A40330 /* Products */,
			);
			sourceTree = "<group>";
		};
		B1EFAF4F2B923A2400A40330 /* Products */ = {
			isa = PBXGroup;
			children = (
				B1EFAF4E2B923A2400A40330 /* InstaClone.app */,
			);
			name = Products;
			sourceTree = "<group>";
		};
		B1EFAF502B923A2400A40330 /* InstaClone */ = {
			isa = PBXGroup;
			children = (
				B1EFAFAB2B9288BA00A40330 /* GoogleService-Info.plist */,
				B1EFAF632B923A6E00A40330 /* App */,
				B1EFAF622B923A6C00A40330 /* Core */,
				B1EFAF612B923A6B00A40330 /* Extension */,
				B1EFAF602B923A6900A40330 /* Model */,
				B1EFAF5F2B923A6700A40330 /* Services */,
				B1EFAF552B923A2600A40330 /* Assets.xcassets */,
				B1EFAF572B923A2600A40330 /* Preview Content */,
			);
			path = InstaClone;
			sourceTree = "<group>";
		};
		B1EFAF572B923A2600A40330 /* Preview Content */ = {
			isa = PBXGroup;
			children = (
				B1EFAF582B923A2600A40330 /* Preview Assets.xcassets */,
			);
			path = "Preview Content";
			sourceTree = "<group>";
		};
		B1EFAF5F2B923A6700A40330 /* Services */ = {
			isa = PBXGroup;
			children = (
				B1EFAFB82B92995300A40330 /* UserService.swift */,
				B1EFAFC42B93B91300A40330 /* ImageUploader.swift */,
				B1EFAFCF2B93CDFD00A40330 /* PostService.swift */,
			);
			path = Services;
			sourceTree = "<group>";
		};
		B1EFAF602B923A6900A40330 /* Model */ = {
			isa = PBXGroup;
			children = (
				B1EFAF8E2B926F5C00A40330 /* User.swift */,
				B1EFAF922B9274DA00A40330 /* Post.swift */,
			);
			path = Model;
			sourceTree = "<group>";
		};
		B1EFAF612B923A6B00A40330 /* Extension */ = {
			isa = PBXGroup;
			children = (
			);
			path = Extension;
			sourceTree = "<group>";
		};
		B1EFAF622B923A6C00A40330 /* Core */ = {
			isa = PBXGroup;
			children = (
				B1EFAF652B923AA600A40330 /* Authentication */,
				B1EFAF712B92495B00A40330 /* Components */,
				B1EFAF642B923AA400A40330 /* Feed */,
				B1EFAF662B923AB700A40330 /* Profile */,
				B1EFAF672B923AC100A40330 /* Root */,
				B1EFAF682B923ACB00A40330 /* Search */,
				B1EFAF6A2B923ADD00A40330 /* TabBar */,
				B1EFAF692B923AD800A40330 /* UploadPost */,
			);
			path = Core;
			sourceTree = "<group>";
		};
		B1EFAF632B923A6E00A40330 /* App */ = {
			isa = PBXGroup;
			children = (
				B1EFAF512B923A2400A40330 /* InstaCloneApp.swift */,
			);
			path = App;
			sourceTree = "<group>";
		};
		B1EFAF642B923AA400A40330 /* Feed */ = {
			isa = PBXGroup;
			children = (
				B1EFAF752B9258D400A40330 /* View */,
				B1EFAF742B9258CB00A40330 /* ViewModel */,
			);
			path = Feed;
			sourceTree = "<group>";
		};
		B1EFAF652B923AA600A40330 /* Authentication */ = {
			isa = PBXGroup;
			children = (
				B1EFAF802B9264FE00A40330 /* View */,
				B1EFAF812B92650400A40330 /* ViewModel */,
				B1EFAFAD2B928A1B00A40330 /* Service */,
			);
			path = Authentication;
			sourceTree = "<group>";
		};
		B1EFAF662B923AB700A40330 /* Profile */ = {
			isa = PBXGroup;
			children = (
				B1EFAF6E2B92491F00A40330 /* View */,
				B1EFAF6D2B92491800A40330 /* ViewModel */,
			);
			path = Profile;
			sourceTree = "<group>";
		};
		B1EFAF672B923AC100A40330 /* Root */ = {
			isa = PBXGroup;
			children = (
				B1EFAFB12B928B3D00A40330 /* View */,
				B1EFAFB02B928B3500A40330 /* ViewModel */,
			);
			path = Root;
			sourceTree = "<group>";
		};
		B1EFAF682B923ACB00A40330 /* Search */ = {
			isa = PBXGroup;
			children = (
				B1EFAF7D2B92635200A40330 /* View */,
				B1EFAF7C2B92634D00A40330 /* ViewModel */,
			);
			path = Search;
			sourceTree = "<group>";
		};
		B1EFAF692B923AD800A40330 /* UploadPost */ = {
			isa = PBXGroup;
			children = (
				B1EFAF982B92813F00A40330 /* View */,
				B1EFAF9B2B92846000A40330 /* ViewModel */,
			);
			path = UploadPost;
			sourceTree = "<group>";
		};
		B1EFAF6A2B923ADD00A40330 /* TabBar */ = {
			isa = PBXGroup;
			children = (
				B1EFAF6B2B92485300A40330 /* MainTabView.swift */,
			);
			path = TabBar;
			sourceTree = "<group>";
		};
		B1EFAF6D2B92491800A40330 /* ViewModel */ = {
			isa = PBXGroup;
			children = (
			);
			path = ViewModel;
			sourceTree = "<group>";
		};
		B1EFAF6E2B92491F00A40330 /* View */ = {
			isa = PBXGroup;
			children = (
				B1EFAF6F2B92492600A40330 /* ProfileView.swift */,
				B1EFAF902B9272C500A40330 /* CurrentUserProfileView.swift */,
				B1EFAF962B927A3300A40330 /* ProfileHeaderView.swift */,
				B1EFAFBC2B93AEFC00A40330 /* EditProfileView.swift */,
				B1EFAFC02B93B12D00A40330 /* EditProfileRowView.swift */,
			);
			path = View;
			sourceTree = "<group>";
		};
		B1EFAF712B92495B00A40330 /* Components */ = {
			isa = PBXGroup;
			children = (
				B1EFAFD12B93CF6800A40330 /* View */,
				B1EFAFD22B93CF6D00A40330 /* ViewModel */,
			);
			path = Components;
			sourceTree = "<group>";
		};
		B1EFAF742B9258CB00A40330 /* ViewModel */ = {
			isa = PBXGroup;
			children = (
				B1EFAFCD2B93CA0800A40330 /* FeedViewModel.swift */,
				B1EFAFD52B93D2D800A40330 /* FeedCellViewModel.swift */,
			);
			path = ViewModel;
			sourceTree = "<group>";
		};
		B1EFAF752B9258D400A40330 /* View */ = {
			isa = PBXGroup;
			children = (
				B1EFAF762B9258E300A40330 /* FeedView.swift */,
				B1EFAF7A2B9258FD00A40330 /* FeedCell.swift */,
			);
			path = View;
			sourceTree = "<group>";
		};
		B1EFAF7C2B92634D00A40330 /* ViewModel */ = {
			isa = PBXGroup;
			children = (
				B1EFAFBA2B9299BD00A40330 /* SearchViewModel.swift */,
			);
			path = ViewModel;
			sourceTree = "<group>";
		};
		B1EFAF7D2B92635200A40330 /* View */ = {
			isa = PBXGroup;
			children = (
				B1EFAF7E2B92635C00A40330 /* SearchView.swift */,
			);
			path = View;
			sourceTree = "<group>";
		};
		B1EFAF802B9264FE00A40330 /* View */ = {
			isa = PBXGroup;
			children = (
				B1EFAF822B92650D00A40330 /* LoginView.swift */,
				B1EFAF842B9269C800A40330 /* AddEmailView.swift */,
				B1EFAF882B926C7A00A40330 /* CreateUsernameView.swift */,
				B1EFAF8A2B926D9F00A40330 /* CreatePasswordView.swift */,
				B1EFAF8C2B926E4900A40330 /* CompleteSignupView.swift */,
			);
			path = View;
			sourceTree = "<group>";
		};
		B1EFAF812B92650400A40330 /* ViewModel */ = {
			isa = PBXGroup;
			children = (
				B1EFAFB42B928CBE00A40330 /* RegistrationViewModel.swift */,
				B1EFAFB62B9291A400A40330 /* LoginViewModel.swift */,
			);
			path = ViewModel;
			sourceTree = "<group>";
		};
		B1EFAF982B92813F00A40330 /* View */ = {
			isa = PBXGroup;
			children = (
				B1EFAF992B92814C00A40330 /* UploadPostView.swift */,
			);
			path = View;
			sourceTree = "<group>";
		};
		B1EFAF9B2B92846000A40330 /* ViewModel */ = {
			isa = PBXGroup;
			children = (
				B1EFAF9C2B92847400A40330 /* UploadPostViewModel.swift */,
			);
			path = ViewModel;
			sourceTree = "<group>";
		};
		B1EFAFAD2B928A1B00A40330 /* Service */ = {
			isa = PBXGroup;
			children = (
				B1EFAFAE2B928A2800A40330 /* AuthService.swift */,
			);
			path = Service;
			sourceTree = "<group>";
		};
		B1EFAFB02B928B3500A40330 /* ViewModel */ = {
			isa = PBXGroup;
			children = (
				B1EFAFB22B928B4600A40330 /* ContentViewModel.swift */,
			);
			path = ViewModel;
			sourceTree = "<group>";
		};
		B1EFAFB12B928B3D00A40330 /* View */ = {
			isa = PBXGroup;
			children = (
				B1EFAF532B923A2400A40330 /* ContentView.swift */,
			);
			path = View;
			sourceTree = "<group>";
		};
		B1EFAFD12B93CF6800A40330 /* View */ = {
			isa = PBXGroup;
			children = (
				B1EFAF722B92516600A40330 /* UserStatView.swift */,
				B1EFAF862B926BE000A40330 /* IGTextFieldModifier.swift */,
				B1EFAF942B9278A800A40330 /* PostGridView.swift */,
				B1EFAFC92B93BC9F00A40330 /* CircularProfileImageView.swift */,
			);
			path = View;
			sourceTree = "<group>";
		};
		B1EFAFD22B93CF6D00A40330 /* ViewModel */ = {
			isa = PBXGroup;
			children = (
				B1EFAFD32B93CF7F00A40330 /* PostGridViewModel.swift */,
			);
			path = ViewModel;
			sourceTree = "<group>";
		};
/* End PBXGroup section */

/* Begin PBXNativeTarget section */
		B1EFAF4D2B923A2400A40330 /* InstaClone */ = {
			isa = PBXNativeTarget;
			buildConfigurationList = B1EFAF5C2B923A2600A40330 /* Build configuration list for PBXNativeTarget "InstaClone" */;
			buildPhases = (
				B1EFAF4A2B923A2400A40330 /* Sources */,
				B1EFAF4B2B923A2400A40330 /* Frameworks */,
				B1EFAF4C2B923A2400A40330 /* Resources */,
			);
			buildRules = (
			);
			dependencies = (
			);
			name = InstaClone;
			packageProductDependencies = (
				B1EFAF9F2B92889100A40330 /* FirebaseAuth */,
				B1EFAFA12B92889100A40330 /* FirebaseDatabase */,
				B1EFAFA32B92889100A40330 /* FirebaseDatabaseSwift */,
				B1EFAFA52B92889100A40330 /* FirebaseFirestore */,
				B1EFAFA72B92889100A40330 /* FirebaseFirestoreSwift */,
				B1EFAFA92B92889100A40330 /* FirebaseStorage */,
				B1EFAFC72B93BC3500A40330 /* Kingfisher */,
			);
			productName = InstaClone;
			productReference = B1EFAF4E2B923A2400A40330 /* InstaClone.app */;
			productType = "com.apple.product-type.application";
		};
/* End PBXNativeTarget section */

/* Begin PBXProject section */
		B1EFAF462B923A2400A40330 /* Project object */ = {
			isa = PBXProject;
			attributes = {
				BuildIndependentTargetsInParallel = 1;
				LastSwiftUpdateCheck = 1520;
				LastUpgradeCheck = 1520;
				TargetAttributes = {
					B1EFAF4D2B923A2400A40330 = {
						CreatedOnToolsVersion = 15.2;
					};
				};
			};
			buildConfigurationList = B1EFAF492B923A2400A40330 /* Build configuration list for PBXProject "InstaClone" */;
			compatibilityVersion = "Xcode 14.0";
			developmentRegion = en;
			hasScannedForEncodings = 0;
			knownRegions = (
				en,
				Base,
			);
			mainGroup = B1EFAF452B923A2400A40330;
			packageReferences = (
				B1EFAF9E2B92889100A40330 /* XCRemoteSwiftPackageReference "firebase-ios-sdk" */,
				B1EFAFC62B93BC3500A40330 /* XCRemoteSwiftPackageReference "kingfisher" */,
			);
			productRefGroup = B1EFAF4F2B923A2400A40330 /* Products */;
			projectDirPath = "";
			projectRoot = "";
			targets = (
				B1EFAF4D2B923A2400A40330 /* InstaClone */,
			);
		};
/* End PBXProject section */

/* Begin PBXResourcesBuildPhase section */
		B1EFAF4C2B923A2400A40330 /* Resources */ = {
			isa = PBXResourcesBuildPhase;
			buildActionMask = 2147483647;
			files = (
				B1EFAF592B923A2600A40330 /* Preview Assets.xcassets in Resources */,
				B1EFAF562B923A2600A40330 /* Assets.xcassets in Resources */,
				B1EFAFAC2B9288BA00A40330 /* GoogleService-Info.plist in Resources */,
			);
			runOnlyForDeploymentPostprocessing = 0;
		};
/* End PBXResourcesBuildPhase section */

/* Begin PBXSourcesBuildPhase section */
		B1EFAF4A2B923A2400A40330 /* Sources */ = {
			isa = PBXSourcesBuildPhase;
			buildActionMask = 2147483647;
			files = (
				B1EFAFD42B93CF7F00A40330 /* PostGridViewModel.swift in Sources */,
				B1EFAF7B2B9258FD00A40330 /* FeedCell.swift in Sources */,
				B1EFAFD62B93D2D800A40330 /* FeedCellViewModel.swift in Sources */,
				B1EFAF9A2B92814C00A40330 /* UploadPostView.swift in Sources */,
				B1EFAF702B92492600A40330 /* ProfileView.swift in Sources */,
				B1EFAF542B923A2400A40330 /* ContentView.swift in Sources */,
				B1EFAF832B92650D00A40330 /* LoginView.swift in Sources */,
				B1EFAFCE2B93CA0800A40330 /* FeedViewModel.swift in Sources */,
				B1EFAFAF2B928A2800A40330 /* AuthService.swift in Sources */,
				B1EFAFC52B93B91300A40330 /* ImageUploader.swift in Sources */,
				B1EFAFB92B92995300A40330 /* UserService.swift in Sources */,
				B1EFAF932B9274DA00A40330 /* Post.swift in Sources */,
				B1EFAF522B923A2400A40330 /* InstaCloneApp.swift in Sources */,
				B1EFAF852B9269C800A40330 /* AddEmailView.swift in Sources */,
				B1EFAF912B9272C500A40330 /* CurrentUserProfileView.swift in Sources */,
				B1EFAF952B9278A800A40330 /* PostGridView.swift in Sources */,
				B1EFAFC32B93B38100A40330 /* EditProfileViewModel.swift in Sources */,
				B1EFAF892B926C7A00A40330 /* CreateUsernameView.swift in Sources */,
				B1EFAFB32B928B4600A40330 /* ContentViewModel.swift in Sources */,
				B1EFAFBD2B93AEFC00A40330 /* EditProfileView.swift in Sources */,
				B1EFAFB72B9291A400A40330 /* LoginViewModel.swift in Sources */,
				B1EFAFB52B928CBE00A40330 /* RegistrationViewModel.swift in Sources */,
				B1EFAF9D2B92847400A40330 /* UploadPostViewModel.swift in Sources */,
				B1EFAF972B927A3300A40330 /* ProfileHeaderView.swift in Sources */,
				B1EFAF7F2B92635C00A40330 /* SearchView.swift in Sources */,
				B1EFAFC12B93B12D00A40330 /* EditProfileRowView.swift in Sources */,
				B1EFAF8F2B926F5C00A40330 /* User.swift in Sources */,
				B1EFAFD02B93CDFD00A40330 /* PostService.swift in Sources */,
				B1EFAF872B926BE000A40330 /* IGTextFieldModifier.swift in Sources */,
				B1EFAF8D2B926E4900A40330 /* CompleteSignupView.swift in Sources */,
				B1EFAF732B92516600A40330 /* UserStatView.swift in Sources */,
				B1EFAF772B9258E300A40330 /* FeedView.swift in Sources */,
				B1EFAFBB2B9299BD00A40330 /* SearchViewModel.swift in Sources */,
				B1EFAFCA2B93BC9F00A40330 /* CircularProfileImageView.swift in Sources */,
				B1EFAF6C2B92485300A40330 /* MainTabView.swift in Sources */,
				B1EFAF8B2B926D9F00A40330 /* CreatePasswordView.swift in Sources */,
			);
			runOnlyForDeploymentPostprocessing = 0;
		};
/* End PBXSourcesBuildPhase section */

/* Begin XCBuildConfiguration section */
		B1EFAF5A2B923A2600A40330 /* Debug */ = {
			isa = XCBuildConfiguration;
			buildSettings = {
				ALWAYS_SEARCH_USER_PATHS = NO;
				ASSETCATALOG_COMPILER_GENERATE_SWIFT_ASSET_SYMBOL_EXTENSIONS = YES;
				CLANG_ANALYZER_NONNULL = YES;
				CLANG_ANALYZER_NUMBER_OBJECT_CONVERSION = YES_AGGRESSIVE;
				CLANG_CXX_LANGUAGE_STANDARD = "gnu++20";
				CLANG_ENABLE_MODULES = YES;
				CLANG_ENABLE_OBJC_ARC = YES;
				CLANG_ENABLE_OBJC_WEAK = YES;
				CLANG_WARN_BLOCK_CAPTURE_AUTORELEASING = YES;
				CLANG_WARN_BOOL_CONVERSION = YES;
				CLANG_WARN_COMMA = YES;
				CLANG_WARN_CONSTANT_CONVERSION = YES;
				CLANG_WARN_DEPRECATED_OBJC_IMPLEMENTATIONS = YES;
				CLANG_WARN_DIRECT_OBJC_ISA_USAGE = YES_ERROR;
				CLANG_WARN_DOCUMENTATION_COMMENTS = YES;
				CLANG_WARN_EMPTY_BODY = YES;
				CLANG_WARN_ENUM_CONVERSION = YES;
				CLANG_WARN_INFINITE_RECURSION = YES;
				CLANG_WARN_INT_CONVERSION = YES;
				CLANG_WARN_NON_LITERAL_NULL_CONVERSION = YES;
				CLANG_WARN_OBJC_IMPLICIT_RETAIN_SELF = YES;
				CLANG_WARN_OBJC_LITERAL_CONVERSION = YES;
				CLANG_WARN_OBJC_ROOT_CLASS = YES_ERROR;
				CLANG_WARN_QUOTED_INCLUDE_IN_FRAMEWORK_HEADER = YES;
				CLANG_WARN_RANGE_LOOP_ANALYSIS = YES;
				CLANG_WARN_STRICT_PROTOTYPES = YES;
				CLANG_WARN_SUSPICIOUS_MOVE = YES;
				CLANG_WARN_UNGUARDED_AVAILABILITY = YES_AGGRESSIVE;
				CLANG_WARN_UNREACHABLE_CODE = YES;
				CLANG_WARN__DUPLICATE_METHOD_MATCH = YES;
				COPY_PHASE_STRIP = NO;
				DEBUG_INFORMATION_FORMAT = dwarf;
				ENABLE_STRICT_OBJC_MSGSEND = YES;
				ENABLE_TESTABILITY = YES;
				ENABLE_USER_SCRIPT_SANDBOXING = YES;
				GCC_C_LANGUAGE_STANDARD = gnu17;
				GCC_DYNAMIC_NO_PIC = NO;
				GCC_NO_COMMON_BLOCKS = YES;
				GCC_OPTIMIZATION_LEVEL = 0;
				GCC_PREPROCESSOR_DEFINITIONS = (
					"DEBUG=1",
					"$(inherited)",
				);
				GCC_WARN_64_TO_32_BIT_CONVERSION = YES;
				GCC_WARN_ABOUT_RETURN_TYPE = YES_ERROR;
				GCC_WARN_UNDECLARED_SELECTOR = YES;
				GCC_WARN_UNINITIALIZED_AUTOS = YES_AGGRESSIVE;
				GCC_WARN_UNUSED_FUNCTION = YES;
				GCC_WARN_UNUSED_VARIABLE = YES;
				IPHONEOS_DEPLOYMENT_TARGET = 17.2;
				LOCALIZATION_PREFERS_STRING_CATALOGS = YES;
				MTL_ENABLE_DEBUG_INFO = INCLUDE_SOURCE;
				MTL_FAST_MATH = YES;
				ONLY_ACTIVE_ARCH = YES;
				SDKROOT = iphoneos;
				SWIFT_ACTIVE_COMPILATION_CONDITIONS = "DEBUG $(inherited)";
				SWIFT_OPTIMIZATION_LEVEL = "-Onone";
			};
			name = Debug;
		};
		B1EFAF5B2B923A2600A40330 /* Release */ = {
			isa = XCBuildConfiguration;
			buildSettings = {
				ALWAYS_SEARCH_USER_PATHS = NO;
				ASSETCATALOG_COMPILER_GENERATE_SWIFT_ASSET_SYMBOL_EXTENSIONS = YES;
				CLANG_ANALYZER_NONNULL = YES;
				CLANG_ANALYZER_NUMBER_OBJECT_CONVERSION = YES_AGGRESSIVE;
				CLANG_CXX_LANGUAGE_STANDARD = "gnu++20";
				CLANG_ENABLE_MODULES = YES;
				CLANG_ENABLE_OBJC_ARC = YES;
				CLANG_ENABLE_OBJC_WEAK = YES;
				CLANG_WARN_BLOCK_CAPTURE_AUTORELEASING = YES;
				CLANG_WARN_BOOL_CONVERSION = YES;
				CLANG_WARN_COMMA = YES;
				CLANG_WARN_CONSTANT_CONVERSION = YES;
				CLANG_WARN_DEPRECATED_OBJC_IMPLEMENTATIONS = YES;
				CLANG_WARN_DIRECT_OBJC_ISA_USAGE = YES_ERROR;
				CLANG_WARN_DOCUMENTATION_COMMENTS = YES;
				CLANG_WARN_EMPTY_BODY = YES;
				CLANG_WARN_ENUM_CONVERSION = YES;
				CLANG_WARN_INFINITE_RECURSION = YES;
				CLANG_WARN_INT_CONVERSION = YES;
				CLANG_WARN_NON_LITERAL_NULL_CONVERSION = YES;
				CLANG_WARN_OBJC_IMPLICIT_RETAIN_SELF = YES;
				CLANG_WARN_OBJC_LITERAL_CONVERSION = YES;
				CLANG_WARN_OBJC_ROOT_CLASS = YES_ERROR;
				CLANG_WARN_QUOTED_INCLUDE_IN_FRAMEWORK_HEADER = YES;
				CLANG_WARN_RANGE_LOOP_ANALYSIS = YES;
				CLANG_WARN_STRICT_PROTOTYPES = YES;
				CLANG_WARN_SUSPICIOUS_MOVE = YES;
				CLANG_WARN_UNGUARDED_AVAILABILITY = YES_AGGRESSIVE;
				CLANG_WARN_UNREACHABLE_CODE = YES;
				CLANG_WARN__DUPLICATE_METHOD_MATCH = YES;
				COPY_PHASE_STRIP = NO;
				DEBUG_INFORMATION_FORMAT = "dwarf-with-dsym";
				ENABLE_NS_ASSERTIONS = NO;
				ENABLE_STRICT_OBJC_MSGSEND = YES;
				ENABLE_USER_SCRIPT_SANDBOXING = YES;
				GCC_C_LANGUAGE_STANDARD = gnu17;
				GCC_NO_COMMON_BLOCKS = YES;
				GCC_WARN_64_TO_32_BIT_CONVERSION = YES;
				GCC_WARN_ABOUT_RETURN_TYPE = YES_ERROR;
				GCC_WARN_UNDECLARED_SELECTOR = YES;
				GCC_WARN_UNINITIALIZED_AUTOS = YES_AGGRESSIVE;
				GCC_WARN_UNUSED_FUNCTION = YES;
				GCC_WARN_UNUSED_VARIABLE = YES;
				IPHONEOS_DEPLOYMENT_TARGET = 17.2;
				LOCALIZATION_PREFERS_STRING_CATALOGS = YES;
				MTL_ENABLE_DEBUG_INFO = NO;
				MTL_FAST_MATH = YES;
				SDKROOT = iphoneos;
				SWIFT_COMPILATION_MODE = wholemodule;
				VALIDATE_PRODUCT = YES;
			};
			name = Release;
		};
		B1EFAF5D2B923A2600A40330 /* Debug */ = {
			isa = XCBuildConfiguration;
			buildSettings = {
				ASSETCATALOG_COMPILER_APPICON_NAME = AppIcon;
				ASSETCATALOG_COMPILER_GLOBAL_ACCENT_COLOR_NAME = AccentColor;
				CODE_SIGN_STYLE = Automatic;
				CURRENT_PROJECT_VERSION = 1;
				DEVELOPMENT_ASSET_PATHS = "\"InstaClone/Preview Content\"";
				DEVELOPMENT_TEAM = 7J4CZQNAZR;
				ENABLE_PREVIEWS = YES;
				GENERATE_INFOPLIST_FILE = YES;
				INFOPLIST_KEY_UIApplicationSceneManifest_Generation = YES;
				INFOPLIST_KEY_UIApplicationSupportsIndirectInputEvents = YES;
				INFOPLIST_KEY_UILaunchScreen_Generation = YES;
				INFOPLIST_KEY_UISupportedInterfaceOrientations_iPad = "UIInterfaceOrientationPortrait UIInterfaceOrientationPortraitUpsideDown UIInterfaceOrientationLandscapeLeft UIInterfaceOrientationLandscapeRight";
				INFOPLIST_KEY_UISupportedInterfaceOrientations_iPhone = "UIInterfaceOrientationPortrait UIInterfaceOrientationLandscapeLeft UIInterfaceOrientationLandscapeRight";
				LD_RUNPATH_SEARCH_PATHS = (
					"$(inherited)",
					"@executable_path/Frameworks",
				);
				MARKETING_VERSION = 1.0;
				PRODUCT_BUNDLE_IDENTIFIER = phan.mike.InstaClone;
				PRODUCT_NAME = "$(TARGET_NAME)";
				SWIFT_EMIT_LOC_STRINGS = YES;
				SWIFT_VERSION = 5.0;
				TARGETED_DEVICE_FAMILY = "1,2";
			};
			name = Debug;
		};
		B1EFAF5E2B923A2600A40330 /* Release */ = {
			isa = XCBuildConfiguration;
			buildSettings = {
				ASSETCATALOG_COMPILER_APPICON_NAME = AppIcon;
				ASSETCATALOG_COMPILER_GLOBAL_ACCENT_COLOR_NAME = AccentColor;
				CODE_SIGN_STYLE = Automatic;
				CURRENT_PROJECT_VERSION = 1;
				DEVELOPMENT_ASSET_PATHS = "\"InstaClone/Preview Content\"";
				DEVELOPMENT_TEAM = 7J4CZQNAZR;
				ENABLE_PREVIEWS = YES;
				GENERATE_INFOPLIST_FILE = YES;
				INFOPLIST_KEY_UIApplicationSceneManifest_Generation = YES;
				INFOPLIST_KEY_UIApplicationSupportsIndirectInputEvents = YES;
				INFOPLIST_KEY_UILaunchScreen_Generation = YES;
				INFOPLIST_KEY_UISupportedInterfaceOrientations_iPad = "UIInterfaceOrientationPortrait UIInterfaceOrientationPortraitUpsideDown UIInterfaceOrientationLandscapeLeft UIInterfaceOrientationLandscapeRight";
				INFOPLIST_KEY_UISupportedInterfaceOrientations_iPhone = "UIInterfaceOrientationPortrait UIInterfaceOrientationLandscapeLeft UIInterfaceOrientationLandscapeRight";
				LD_RUNPATH_SEARCH_PATHS = (
					"$(inherited)",
					"@executable_path/Frameworks",
				);
				MARKETING_VERSION = 1.0;
				PRODUCT_BUNDLE_IDENTIFIER = phan.mike.InstaClone;
				PRODUCT_NAME = "$(TARGET_NAME)";
				SWIFT_EMIT_LOC_STRINGS = YES;
				SWIFT_VERSION = 5.0;
				TARGETED_DEVICE_FAMILY = "1,2";
			};
			name = Release;
		};
/* End XCBuildConfiguration section */

/* Begin XCConfigurationList section */
		B1EFAF492B923A2400A40330 /* Build configuration list for PBXProject "InstaClone" */ = {
			isa = XCConfigurationList;
			buildConfigurations = (
				B1EFAF5A2B923A2600A40330 /* Debug */,
				B1EFAF5B2B923A2600A40330 /* Release */,
			);
			defaultConfigurationIsVisible = 0;
			defaultConfigurationName = Release;
		};
		B1EFAF5C2B923A2600A40330 /* Build configuration list for PBXNativeTarget "InstaClone" */ = {
			isa = XCConfigurationList;
			buildConfigurations = (
				B1EFAF5D2B923A2600A40330 /* Debug */,
				B1EFAF5E2B923A2600A40330 /* Release */,
			);
			defaultConfigurationIsVisible = 0;
			defaultConfigurationName = Release;
		};
/* End XCConfigurationList section */

/* Begin XCRemoteSwiftPackageReference section */
		B1EFAF9E2B92889100A40330 /* XCRemoteSwiftPackageReference "firebase-ios-sdk" */ = {
			isa = XCRemoteSwiftPackageReference;
			repositoryURL = "https://github.com/firebase/firebase-ios-sdk";
			requirement = {
				kind = upToNextMajorVersion;
				minimumVersion = 10.21.0;
			};
		};
		B1EFAFC62B93BC3500A40330 /* XCRemoteSwiftPackageReference "kingfisher" */ = {
			isa = XCRemoteSwiftPackageReference;
			repositoryURL = "https://github.com/onevcat/kingfisher";
			requirement = {
				kind = upToNextMajorVersion;
				minimumVersion = 7.11.0;
			};
		};
/* End XCRemoteSwiftPackageReference section */

/* Begin XCSwiftPackageProductDependency section */
		B1EFAF9F2B92889100A40330 /* FirebaseAuth */ = {
			isa = XCSwiftPackageProductDependency;
			package = B1EFAF9E2B92889100A40330 /* XCRemoteSwiftPackageReference "firebase-ios-sdk" */;
			productName = FirebaseAuth;
		};
		B1EFAFA12B92889100A40330 /* FirebaseDatabase */ = {
			isa = XCSwiftPackageProductDependency;
			package = B1EFAF9E2B92889100A40330 /* XCRemoteSwiftPackageReference "firebase-ios-sdk" */;
			productName = FirebaseDatabase;
		};
		B1EFAFA32B92889100A40330 /* FirebaseDatabaseSwift */ = {
			isa = XCSwiftPackageProductDependency;
			package = B1EFAF9E2B92889100A40330 /* XCRemoteSwiftPackageReference "firebase-ios-sdk" */;
			productName = FirebaseDatabaseSwift;
		};
		B1EFAFA52B92889100A40330 /* FirebaseFirestore */ = {
			isa = XCSwiftPackageProductDependency;
			package = B1EFAF9E2B92889100A40330 /* XCRemoteSwiftPackageReference "firebase-ios-sdk" */;
			productName = FirebaseFirestore;
		};
		B1EFAFA72B92889100A40330 /* FirebaseFirestoreSwift */ = {
			isa = XCSwiftPackageProductDependency;
			package = B1EFAF9E2B92889100A40330 /* XCRemoteSwiftPackageReference "firebase-ios-sdk" */;
			productName = FirebaseFirestoreSwift;
		};
		B1EFAFA92B92889100A40330 /* FirebaseStorage */ = {
			isa = XCSwiftPackageProductDependency;
			package = B1EFAF9E2B92889100A40330 /* XCRemoteSwiftPackageReference "firebase-ios-sdk" */;
			productName = FirebaseStorage;
		};
		B1EFAFC72B93BC3500A40330 /* Kingfisher */ = {
			isa = XCSwiftPackageProductDependency;
			package = B1EFAFC62B93BC3500A40330 /* XCRemoteSwiftPackageReference "kingfisher" */;
			productName = Kingfisher;
		};
/* End XCSwiftPackageProductDependency section */
	};
	rootObject = B1EFAF462B923A2400A40330 /* Project object */;
}
